
Microsoft Visual Studio Solution File, Format Version 12.00
# Visual Studio 15
VisualStudioVersion = 15.0.27703.2026
MinimumVisualStudioVersion = 10.0.40219.1
Project("{9A19103F-16F7-4668-BE54-9A1E7A4F7556}") = "Dawnbreaker_DKP.Web", "Dawnbreaker-DKP\Dawnbreaker_DKP.Web.csproj", "{850C74E2-5141-4C80-8EBB-5A792433B029}"
EndProject
Project("{FAE04EC0-301F-11D3-BF4B-00C04F79EFBC}") = "Dawnbreaker_DKP.Data", "Dawnbreaker-DKP.Data\Dawnbreaker_DKP.Data.csproj", "{6EABD193-4C63-48AD-8E2E-674100C91191}"
EndProject
Project("{FAE04EC0-301F-11D3-BF4B-00C04F79EFBC}") = "Dawnbreaker_DKP.Repository", "Dawnbreaker-DKP.Repository\Dawnbreaker_DKP.Repository.csproj", "{9FB55AA6-AF1F-4280-BD04-EF449481FFDC}"
EndProject
Global
	GlobalSection(SolutionConfigurationPlatforms) = preSolution
		Debug|Any CPU = Debug|Any CPU
		Release|Any CPU = Release|Any CPU
	EndGlobalSection
	GlobalSection(ProjectConfigurationPlatforms) = postSolution
		{850C74E2-5141-4C80-8EBB-5A792433B029}.Debug|Any CPU.ActiveCfg = Debug|Any CPU
		{850C74E2-5141-4C80-8EBB-5A792433B029}.Debug|Any CPU.Build.0 = Debug|Any CPU
		{850C74E2-5141-4C80-8EBB-5A792433B029}.Release|Any CPU.ActiveCfg = Release|Any CPU
		{850C74E2-5141-4C80-8EBB-5A792433B029}.Release|Any CPU.Build.0 = Release|Any CPU
		{6EABD193-4C63-48AD-8E2E-674100C91191}.Debug|Any CPU.ActiveCfg = Debug|Any CPU
		{6EABD193-4C63-48AD-8E2E-674100C91191}.Debug|Any CPU.Build.0 = Debug|Any CPU
		{6EABD193-4C63-48AD-8E2E-674100C91191}.Release|Any CPU.ActiveCfg = Release|Any CPU
		{6EABD193-4C63-48AD-8E2E-674100C91191}.Release|Any CPU.Build.0 = Release|Any CPU
		{9FB55AA6-AF1F-4280-BD04-EF449481FFDC}.Debug|Any CPU.ActiveCfg = Debug|Any CPU
		{9FB55AA6-AF1F-4280-BD04-EF449481FFDC}.Debug|Any CPU.Build.0 = Debug|Any CPU
		{9FB55AA6-AF1F-4280-BD04-EF449481FFDC}.Release|Any CPU.ActiveCfg = Release|Any CPU
		{9FB55AA6-AF1F-4280-BD04-EF449481FFDC}.Release|Any CPU.Build.0 = Release|Any CPU
	EndGlobalSection
	GlobalSection(SolutionProperties) = preSolution
		HideSolutionNode = FALSE
	EndGlobalSection
	GlobalSection(ExtensibilityGlobals) = postSolution
		SolutionGuid = {AED9BCC4-ABFE-4F89-AC40-666063A319BD}
	EndGlobalSection
EndGlobal
